// !$*UTF8*$!
{
	archiveVersion = 1;
	classes = {
	};
	objectVersion = 48;
	objects = {

/* Begin PBXBuildFile section */
		44A990C6202945BD00339728 /* AppDelegate.swift in Sources */ = {isa = PBXBuildFile; fileRef = 44A990C5202945BD00339728 /* AppDelegate.swift */; };
		44A990C8202945BD00339728 /* OutDoorViewController.swift in Sources */ = {isa = PBXBuildFile; fileRef = 44A990C7202945BD00339728 /* OutDoorViewController.swift */; };
		44A990CB202945BD00339728 /* Main.storyboard in Resources */ = {isa = PBXBuildFile; fileRef = 44A990C9202945BD00339728 /* Main.storyboard */; };
		44A990CD202945BD00339728 /* Assets.xcassets in Resources */ = {isa = PBXBuildFile; fileRef = 44A990CC202945BD00339728 /* Assets.xcassets */; };
		44A990D0202945BD00339728 /* LaunchScreen.storyboard in Resources */ = {isa = PBXBuildFile; fileRef = 44A990CE202945BD00339728 /* LaunchScreen.storyboard */; };
		44A990D8202947AB00339728 /* BusInfomationProvider.swift in Sources */ = {isa = PBXBuildFile; fileRef = 44A990D7202947AB00339728 /* BusInfomationProvider.swift */; };
		44A990DA2029508400339728 /* BusEstimateTime.swift in Sources */ = {isa = PBXBuildFile; fileRef = 44A990D92029508400339728 /* BusEstimateTime.swift */; };
		44A990E02029ADF600339728 /* BusStop.swift in Sources */ = {isa = PBXBuildFile; fileRef = 44A990DF2029ADF600339728 /* BusStop.swift */; };
		44A990E22029AF3E00339728 /* GoBack.swift in Sources */ = {isa = PBXBuildFile; fileRef = 44A990E12029AF3E00339728 /* GoBack.swift */; };
		44A990E7202B091700339728 /* RailwayInfomationProvider.swift in Sources */ = {isa = PBXBuildFile; fileRef = 44A990E6202B091700339728 /* RailwayInfomationProvider.swift */; };
		44A990EB202B09F300339728 /* RailLiveBoard.swift in Sources */ = {isa = PBXBuildFile; fileRef = 44A990EA202B09F300339728 /* RailLiveBoard.swift */; };
		44A990ED202BE5B200339728 /* MotcApp.swift in Sources */ = {isa = PBXBuildFile; fileRef = 44A990EC202BE5B200339728 /* MotcApp.swift */; };
		44A990FB202C50DB00339728 /* CryptoSwift.framework in Frameworks */ = {isa = PBXBuildFile; fileRef = 44A990F6202C506800339728 /* CryptoSwift.framework */; };
		44A990FE202CA47C00339728 /* BackHomeViewController.swift in Sources */ = {isa = PBXBuildFile; fileRef = 44A990FD202CA47C00339728 /* BackHomeViewController.swift */; };
		44A99102202CAF8D00339728 /* CryptoSwift.framework in CopyFiles */ = {isa = PBXBuildFile; fileRef = 44A990F6202C506800339728 /* CryptoSwift.framework */; settings = {ATTRIBUTES = (CodeSignOnCopy, RemoveHeadersOnCopy, ); }; };
		44A99104202D35B000339728 /* BusGpsLocation.swift in Sources */ = {isa = PBXBuildFile; fileRef = 44A99103202D35B000339728 /* BusGpsLocation.swift */; };
		44A99107202D745400339728 /* Animation.swift in Sources */ = {isa = PBXBuildFile; fileRef = 44A99106202D745400339728 /* Animation.swift */; };
		44A99109202D9D4500339728 /* CommonFunction.swift in Sources */ = {isa = PBXBuildFile; fileRef = 44A99108202D9D4500339728 /* CommonFunction.swift */; };
		44A9910F202DA2E300339728 /* TRALiveBoardTableViewController.swift in Sources */ = {isa = PBXBuildFile; fileRef = 44A9910E202DA2E300339728 /* TRALiveBoardTableViewController.swift */; };
		44A99111202DA2F600339728 /* LiveBoardTableViewCell.swift in Sources */ = {isa = PBXBuildFile; fileRef = 44A99110202DA2F600339728 /* LiveBoardTableViewCell.swift */; };
/* End PBXBuildFile section */

/* Begin PBXContainerItemProxy section */
		44A990F5202C506800339728 /* PBXContainerItemProxy */ = {
			isa = PBXContainerItemProxy;
			containerPortal = 44A990F0202C506800339728 /* CryptoSwift.xcodeproj */;
			proxyType = 2;
			remoteGlobalIDString = 754BE45519693E190098E6F3;
			remoteInfo = CryptoSwift;
		};
		44A990F7202C506800339728 /* PBXContainerItemProxy */ = {
			isa = PBXContainerItemProxy;
			containerPortal = 44A990F0202C506800339728 /* CryptoSwift.xcodeproj */;
			proxyType = 2;
			remoteGlobalIDString = 754BE46019693E190098E6F3;
			remoteInfo = Tests;
		};
/* End PBXContainerItemProxy section */

/* Begin PBXCopyFilesBuildPhase section */
		44A99101202CAF7C00339728 /* CopyFiles */ = {
			isa = PBXCopyFilesBuildPhase;
			buildActionMask = 2147483647;
			dstPath = "";
			dstSubfolderSpec = 10;
			files = (
				44A99102202CAF8D00339728 /* CryptoSwift.framework in CopyFiles */,
			);
			runOnlyForDeploymentPostprocessing = 0;
		};
/* End PBXCopyFilesBuildPhase section */

/* Begin PBXFileReference section */
		44A990C2202945BD00339728 /* BusAlert.app */ = {isa = PBXFileReference; explicitFileType = wrapper.application; includeInIndex = 0; path = BusAlert.app; sourceTree = BUILT_PRODUCTS_DIR; };
		44A990C5202945BD00339728 /* AppDelegate.swift */ = {isa = PBXFileReference; lastKnownFileType = sourcecode.swift; path = AppDelegate.swift; sourceTree = "<group>"; };
		44A990C7202945BD00339728 /* OutDoorViewController.swift */ = {isa = PBXFileReference; lastKnownFileType = sourcecode.swift; path = OutDoorViewController.swift; sourceTree = "<group>"; };
		44A990CA202945BD00339728 /* Base */ = {isa = PBXFileReference; lastKnownFileType = file.storyboard; name = Base; path = Base.lproj/Main.storyboard; sourceTree = "<group>"; };
		44A990CC202945BD00339728 /* Assets.xcassets */ = {isa = PBXFileReference; lastKnownFileType = folder.assetcatalog; path = Assets.xcassets; sourceTree = "<group>"; };
		44A990CF202945BD00339728 /* Base */ = {isa = PBXFileReference; lastKnownFileType = file.storyboard; name = Base; path = Base.lproj/LaunchScreen.storyboard; sourceTree = "<group>"; };
		44A990D1202945BD00339728 /* Info.plist */ = {isa = PBXFileReference; lastKnownFileType = text.plist.xml; path = Info.plist; sourceTree = "<group>"; };
		44A990D7202947AB00339728 /* BusInfomationProvider.swift */ = {isa = PBXFileReference; lastKnownFileType = sourcecode.swift; path = BusInfomationProvider.swift; sourceTree = "<group>"; };
		44A990D92029508400339728 /* BusEstimateTime.swift */ = {isa = PBXFileReference; lastKnownFileType = sourcecode.swift; path = BusEstimateTime.swift; sourceTree = "<group>"; };
		44A990DF2029ADF600339728 /* BusStop.swift */ = {isa = PBXFileReference; lastKnownFileType = sourcecode.swift; path = BusStop.swift; sourceTree = "<group>"; };
		44A990E12029AF3E00339728 /* GoBack.swift */ = {isa = PBXFileReference; lastKnownFileType = sourcecode.swift; path = GoBack.swift; sourceTree = "<group>"; };
		44A990E6202B091700339728 /* RailwayInfomationProvider.swift */ = {isa = PBXFileReference; lastKnownFileType = sourcecode.swift; path = RailwayInfomationProvider.swift; sourceTree = "<group>"; };
		44A990EA202B09F300339728 /* RailLiveBoard.swift */ = {isa = PBXFileReference; lastKnownFileType = sourcecode.swift; path = RailLiveBoard.swift; sourceTree = "<group>"; };
		44A990EC202BE5B200339728 /* MotcApp.swift */ = {isa = PBXFileReference; lastKnownFileType = sourcecode.swift; path = MotcApp.swift; sourceTree = "<group>"; };
		44A990F0202C506800339728 /* CryptoSwift.xcodeproj */ = {isa = PBXFileReference; lastKnownFileType = "wrapper.pb-project"; name = CryptoSwift.xcodeproj; path = CryptoSwift/CryptoSwift.xcodeproj; sourceTree = "<group>"; };
		44A990FD202CA47C00339728 /* BackHomeViewController.swift */ = {isa = PBXFileReference; lastKnownFileType = sourcecode.swift; path = BackHomeViewController.swift; sourceTree = "<group>"; };
		44A99103202D35B000339728 /* BusGpsLocation.swift */ = {isa = PBXFileReference; lastKnownFileType = sourcecode.swift; path = BusGpsLocation.swift; sourceTree = "<group>"; };
		44A99106202D745400339728 /* Animation.swift */ = {isa = PBXFileReference; lastKnownFileType = sourcecode.swift; path = Animation.swift; sourceTree = "<group>"; };
		44A99108202D9D4500339728 /* CommonFunction.swift */ = {isa = PBXFileReference; lastKnownFileType = sourcecode.swift; path = CommonFunction.swift; sourceTree = "<group>"; };
		44A9910E202DA2E300339728 /* TRALiveBoardTableViewController.swift */ = {isa = PBXFileReference; lastKnownFileType = sourcecode.swift; path = TRALiveBoardTableViewController.swift; sourceTree = "<group>"; };
		44A99110202DA2F600339728 /* LiveBoardTableViewCell.swift */ = {isa = PBXFileReference; lastKnownFileType = sourcecode.swift; path = LiveBoardTableViewCell.swift; sourceTree = "<group>"; };
/* End PBXFileReference section */

/* Begin PBXFrameworksBuildPhase section */
		44A990BF202945BC00339728 /* Frameworks */ = {
			isa = PBXFrameworksBuildPhase;
			buildActionMask = 2147483647;
			files = (
				44A990FB202C50DB00339728 /* CryptoSwift.framework in Frameworks */,
			);
			runOnlyForDeploymentPostprocessing = 0;
		};
/* End PBXFrameworksBuildPhase section */

/* Begin PBXGroup section */
		44A990B9202945BC00339728 = {
			isa = PBXGroup;
			children = (
				44A990F0202C506800339728 /* CryptoSwift.xcodeproj */,
				44A990C4202945BD00339728 /* BusAlert */,
				44A990C3202945BD00339728 /* Products */,
				44A990F9202C50B100339728 /* Frameworks */,
			);
			sourceTree = "<group>";
		};
		44A990C3202945BD00339728 /* Products */ = {
			isa = PBXGroup;
			children = (
				44A990C2202945BD00339728 /* BusAlert.app */,
			);
			name = Products;
			sourceTree = "<group>";
		};
		44A990C4202945BD00339728 /* BusAlert */ = {
			isa = PBXGroup;
			children = (
				44A99108202D9D4500339728 /* CommonFunction.swift */,
				44A990EC202BE5B200339728 /* MotcApp.swift */,
				44A990C9202945BD00339728 /* Main.storyboard */,
				44A99105202D743B00339728 /* Animation */,
				44A990E5202B08DF00339728 /* Railway */,
				44A990E4202AD9CF00339728 /* Bus */,
				44A990C5202945BD00339728 /* AppDelegate.swift */,
				44A990CC202945BD00339728 /* Assets.xcassets */,
				44A990CE202945BD00339728 /* LaunchScreen.storyboard */,
				44A990D1202945BD00339728 /* Info.plist */,
			);
			path = BusAlert;
			sourceTree = "<group>";
		};
		44A990E4202AD9CF00339728 /* Bus */ = {
			isa = PBXGroup;
			children = (
				44A991182031377B00339728 /* Models */,
				44A991172031377500339728 /* Views */,
				44A991162031376A00339728 /* Controllers */,
			);
			path = Bus;
			sourceTree = "<group>";
		};
		44A990E5202B08DF00339728 /* Railway */ = {
			isa = PBXGroup;
			children = (
				44A991152031375700339728 /* Controllers */,
				44A991132031374700339728 /* Views */,
				44A991122031372F00339728 /* Models */,
			);
			path = Railway;
			sourceTree = "<group>";
		};
		44A990F1202C506800339728 /* Products */ = {
			isa = PBXGroup;
			children = (
				44A990F6202C506800339728 /* CryptoSwift.framework */,
				44A990F8202C506800339728 /* Tests.xctest */,
			);
			name = Products;
			sourceTree = "<group>";
		};
		44A990F9202C50B100339728 /* Frameworks */ = {
			isa = PBXGroup;
			children = (
			);
			name = Frameworks;
			sourceTree = "<group>";
		};
		44A99105202D743B00339728 /* Animation */ = {
			isa = PBXGroup;
			children = (
				44A99106202D745400339728 /* Animation.swift */,
			);
			path = Animation;
			sourceTree = "<group>";
		};
		44A991122031372F00339728 /* Models */ = {
			isa = PBXGroup;
			children = (
				44A990E6202B091700339728 /* RailwayInfomationProvider.swift */,
				44A990EA202B09F300339728 /* RailLiveBoard.swift */,
			);
			path = Models;
			sourceTree = "<group>";
		};
		44A991132031374700339728 /* Views */ = {
			isa = PBXGroup;
			children = (
				44A99110202DA2F600339728 /* LiveBoardTableViewCell.swift */,
			);
			path = Views;
			sourceTree = "<group>";
		};
		44A991152031375700339728 /* Controllers */ = {
			isa = PBXGroup;
			children = (
				44A9910E202DA2E300339728 /* TRALiveBoardTableViewController.swift */,
			);
			path = Controllers;
			sourceTree = "<group>";
		};
		44A991162031376A00339728 /* Controllers */ = {
			isa = PBXGroup;
			children = (
				44A990FD202CA47C00339728 /* BackHomeViewController.swift */,
				44A990C7202945BD00339728 /* OutDoorViewController.swift */,
			);
			path = Controllers;
			sourceTree = "<group>";
		};
		44A991172031377500339728 /* Views */ = {
			isa = PBXGroup;
			children = (
			);
			path = Views;
			sourceTree = "<group>";
		};
		44A991182031377B00339728 /* Models */ = {
			isa = PBXGroup;
			children = (
				44A990D7202947AB00339728 /* BusInfomationProvider.swift */,
				44A990D92029508400339728 /* BusEstimateTime.swift */,
				44A990DF2029ADF600339728 /* BusStop.swift */,
				44A990E12029AF3E00339728 /* GoBack.swift */,
				44A99103202D35B000339728 /* BusGpsLocation.swift */,
			);
			path = Models;
			sourceTree = "<group>";
		};
/* End PBXGroup section */

/* Begin PBXNativeTarget section */
		44A990C1202945BC00339728 /* BusAlert */ = {
			isa = PBXNativeTarget;
			buildConfigurationList = 44A990D4202945BD00339728 /* Build configuration list for PBXNativeTarget "BusAlert" */;
			buildPhases = (
				44A990BE202945BC00339728 /* Sources */,
				44A990BF202945BC00339728 /* Frameworks */,
				44A990C0202945BC00339728 /* Resources */,
				44A99101202CAF7C00339728 /* CopyFiles */,
			);
			buildRules = (
			);
			dependencies = (
			);
			name = BusAlert;
			productName = BusAlert;
			productReference = 44A990C2202945BD00339728 /* BusAlert.app */;
			productType = "com.apple.product-type.application";
		};
/* End PBXNativeTarget section */

/* Begin PBXProject section */
		44A990BA202945BC00339728 /* Project object */ = {
			isa = PBXProject;
			attributes = {
				LastSwiftUpdateCheck = 0920;
				LastUpgradeCheck = 0920;
				ORGANIZATIONNAME = "Chia cheng Lin";
				TargetAttributes = {
					44A990C1202945BC00339728 = {
						CreatedOnToolsVersion = 9.2;
						ProvisioningStyle = Automatic;
					};
				};
			};
			buildConfigurationList = 44A990BD202945BC00339728 /* Build configuration list for PBXProject "BusAlert" */;
			compatibilityVersion = "Xcode 8.0";
			developmentRegion = en;
			hasScannedForEncodings = 0;
			knownRegions = (
				en,
				Base,
			);
			mainGroup = 44A990B9202945BC00339728;
			productRefGroup = 44A990C3202945BD00339728 /* Products */;
			projectDirPath = "";
			projectReferences = (
				{
					ProductGroup = 44A990F1202C506800339728 /* Products */;
					ProjectRef = 44A990F0202C506800339728 /* CryptoSwift.xcodeproj */;
				},
			);
			projectRoot = "";
			targets = (
				44A990C1202945BC00339728 /* BusAlert */,
			);
		};
/* End PBXProject section */

/* Begin PBXReferenceProxy section */
		44A990F6202C506800339728 /* CryptoSwift.framework */ = {
			isa = PBXReferenceProxy;
			fileType = wrapper.framework;
			path = CryptoSwift.framework;
			remoteRef = 44A990F5202C506800339728 /* PBXContainerItemProxy */;
			sourceTree = BUILT_PRODUCTS_DIR;
		};
		44A990F8202C506800339728 /* Tests.xctest */ = {
			isa = PBXReferenceProxy;
			fileType = wrapper.cfbundle;
			path = Tests.xctest;
			remoteRef = 44A990F7202C506800339728 /* PBXContainerItemProxy */;
			sourceTree = BUILT_PRODUCTS_DIR;
		};
/* End PBXReferenceProxy section */

/* Begin PBXResourcesBuildPhase section */
		44A990C0202945BC00339728 /* Resources */ = {
			isa = PBXResourcesBuildPhase;
			buildActionMask = 2147483647;
			files = (
				44A990D0202945BD00339728 /* LaunchScreen.storyboard in Resources */,
				44A990CD202945BD00339728 /* Assets.xcassets in Resources */,
				44A990CB202945BD00339728 /* Main.storyboard in Resources */,
			);
			runOnlyForDeploymentPostprocessing = 0;
		};
/* End PBXResourcesBuildPhase section */

/* Begin PBXSourcesBuildPhase section */
		44A990BE202945BC00339728 /* Sources */ = {
			isa = PBXSourcesBuildPhase;
			buildActionMask = 2147483647;
			files = (
				44A990FE202CA47C00339728 /* BackHomeViewController.swift in Sources */,
				44A99111202DA2F600339728 /* LiveBoardTableViewCell.swift in Sources */,
				44A990ED202BE5B200339728 /* MotcApp.swift in Sources */,
				44A99104202D35B000339728 /* BusGpsLocation.swift in Sources */,
				44A990E22029AF3E00339728 /* GoBack.swift in Sources */,
				44A990E02029ADF600339728 /* BusStop.swift in Sources */,
				44A990C8202945BD00339728 /* OutDoorViewController.swift in Sources */,
				44A990DA2029508400339728 /* BusEstimateTime.swift in Sources */,
				44A990C6202945BD00339728 /* AppDelegate.swift in Sources */,
				44A99109202D9D4500339728 /* CommonFunction.swift in Sources */,
				44A990E7202B091700339728 /* RailwayInfomationProvider.swift in Sources */,
				44A990EB202B09F300339728 /* RailLiveBoard.swift in Sources */,
				44A99107202D745400339728 /* Animation.swift in Sources */,
				44A9910F202DA2E300339728 /* TRALiveBoardTableViewController.swift in Sources */,
				44A990D8202947AB00339728 /* BusInfomationProvider.swift in Sources */,
			);
			runOnlyForDeploymentPostprocessing = 0;
		};
/* End PBXSourcesBuildPhase section */

/* Begin PBXVariantGroup section */
		44A990C9202945BD00339728 /* Main.storyboard */ = {
			isa = PBXVariantGroup;
			children = (
				44A990CA202945BD00339728 /* Base */,
			);
			name = Main.storyboard;
			sourceTree = "<group>";
		};
		44A990CE202945BD00339728 /* LaunchScreen.storyboard */ = {
			isa = PBXVariantGroup;
			children = (
				44A990CF202945BD00339728 /* Base */,
			);
			name = LaunchScreen.storyboard;
			sourceTree = "<group>";
		};
/* End PBXVariantGroup section */

/* Begin XCBuildConfiguration section */
		44A990D2202945BD00339728 /* Debug */ = {
			isa = XCBuildConfiguration;
			buildSettings = {
				ALWAYS_SEARCH_USER_PATHS = NO;
				CLANG_ANALYZER_NONNULL = YES;
				CLANG_ANALYZER_NUMBER_OBJECT_CONVERSION = YES_AGGRESSIVE;
				CLANG_CXX_LANGUAGE_STANDARD = "gnu++14";
				CLANG_CXX_LIBRARY = "libc++";
				CLANG_ENABLE_MODULES = YES;
				CLANG_ENABLE_OBJC_ARC = YES;
				CLANG_WARN_BLOCK_CAPTURE_AUTORELEASING = YES;
				CLANG_WARN_BOOL_CONVERSION = YES;
				CLANG_WARN_COMMA = YES;
				CLANG_WARN_CONSTANT_CONVERSION = YES;
				CLANG_WARN_DIRECT_OBJC_ISA_USAGE = YES_ERROR;
				CLANG_WARN_DOCUMENTATION_COMMENTS = YES;
				CLANG_WARN_EMPTY_BODY = YES;
				CLANG_WARN_ENUM_CONVERSION = YES;
				CLANG_WARN_INFINITE_RECURSION = YES;
				CLANG_WARN_INT_CONVERSION = YES;
				CLANG_WARN_NON_LITERAL_NULL_CONVERSION = YES;
				CLANG_WARN_OBJC_LITERAL_CONVERSION = YES;
				CLANG_WARN_OBJC_ROOT_CLASS = YES_ERROR;
				CLANG_WARN_RANGE_LOOP_ANALYSIS = YES;
				CLANG_WARN_STRICT_PROTOTYPES = YES;
				CLANG_WARN_SUSPICIOUS_MOVE = YES;
				CLANG_WARN_UNGUARDED_AVAILABILITY = YES_AGGRESSIVE;
				CLANG_WARN_UNREACHABLE_CODE = YES;
				CLANG_WARN__DUPLICATE_METHOD_MATCH = YES;
				CODE_SIGN_IDENTITY = "iPhone Developer";
				COPY_PHASE_STRIP = NO;
				DEBUG_INFORMATION_FORMAT = dwarf;
				ENABLE_STRICT_OBJC_MSGSEND = YES;
				ENABLE_TESTABILITY = YES;
				GCC_C_LANGUAGE_STANDARD = gnu11;
				GCC_DYNAMIC_NO_PIC = NO;
				GCC_NO_COMMON_BLOCKS = YES;
				GCC_OPTIMIZATION_LEVEL = 0;
				GCC_PREPROCESSOR_DEFINITIONS = (
					"DEBUG=1",
					"$(inherited)",
				);
				GCC_WARN_64_TO_32_BIT_CONVERSION = YES;
				GCC_WARN_ABOUT_RETURN_TYPE = YES_ERROR;
				GCC_WARN_UNDECLARED_SELECTOR = YES;
				GCC_WARN_UNINITIALIZED_AUTOS = YES_AGGRESSIVE;
				GCC_WARN_UNUSED_FUNCTION = YES;
				GCC_WARN_UNUSED_VARIABLE = YES;
				IPHONEOS_DEPLOYMENT_TARGET = 11.2;
				MTL_ENABLE_DEBUG_INFO = YES;
				ONLY_ACTIVE_ARCH = YES;
				SDKROOT = iphoneos;
				SWIFT_ACTIVE_COMPILATION_CONDITIONS = DEBUG;
				SWIFT_OPTIMIZATION_LEVEL = "-Onone";
			};
			name = Debug;
		};
		44A990D3202945BD00339728 /* Release */ = {
			isa = XCBuildConfiguration;
			buildSettings = {
				ALWAYS_SEARCH_USER_PATHS = NO;
				CLANG_ANALYZER_NONNULL = YES;
				CLANG_ANALYZER_NUMBER_OBJECT_CONVERSION = YES_AGGRESSIVE;
				CLANG_CXX_LANGUAGE_STANDARD = "gnu++14";
				CLANG_CXX_LIBRARY = "libc++";
				CLANG_ENABLE_MODULES = YES;
				CLANG_ENABLE_OBJC_ARC = YES;
				CLANG_WARN_BLOCK_CAPTURE_AUTORELEASING = YES;
				CLANG_WARN_BOOL_CONVERSION = YES;
				CLANG_WARN_COMMA = YES;
				CLANG_WARN_CONSTANT_CONVERSION = YES;
				CLANG_WARN_DIRECT_OBJC_ISA_USAGE = YES_ERROR;
				CLANG_WARN_DOCUMENTATION_COMMENTS = YES;
				CLANG_WARN_EMPTY_BODY = YES;
				CLANG_WARN_ENUM_CONVERSION = YES;
				CLANG_WARN_INFINITE_RECURSION = YES;
				CLANG_WARN_INT_CONVERSION = YES;
				CLANG_WARN_NON_LITERAL_NULL_CONVERSION = YES;
				CLANG_WARN_OBJC_LITERAL_CONVERSION = YES;
				CLANG_WARN_OBJC_ROOT_CLASS = YES_ERROR;
				CLANG_WARN_RANGE_LOOP_ANALYSIS = YES;
				CLANG_WARN_STRICT_PROTOTYPES = YES;
				CLANG_WARN_SUSPICIOUS_MOVE = YES;
				CLANG_WARN_UNGUARDED_AVAILABILITY = YES_AGGRESSIVE;
				CLANG_WARN_UNREACHABLE_CODE = YES;
				CLANG_WARN__DUPLICATE_METHOD_MATCH = YES;
				CODE_SIGN_IDENTITY = "iPhone Developer";
				COPY_PHASE_STRIP = NO;
				DEBUG_INFORMATION_FORMAT = "dwarf-with-dsym";
				ENABLE_NS_ASSERTIONS = NO;
				ENABLE_STRICT_OBJC_MSGSEND = YES;
				GCC_C_LANGUAGE_STANDARD = gnu11;
				GCC_NO_COMMON_BLOCKS = YES;
				GCC_WARN_64_TO_32_BIT_CONVERSION = YES;
				GCC_WARN_ABOUT_RETURN_TYPE = YES_ERROR;
				GCC_WARN_UNDECLARED_SELECTOR = YES;
				GCC_WARN_UNINITIALIZED_AUTOS = YES_AGGRESSIVE;
				GCC_WARN_UNUSED_FUNCTION = YES;
				GCC_WARN_UNUSED_VARIABLE = YES;
				IPHONEOS_DEPLOYMENT_TARGET = 11.2;
				MTL_ENABLE_DEBUG_INFO = NO;
				SDKROOT = iphoneos;
				SWIFT_OPTIMIZATION_LEVEL = "-Owholemodule";
				VALIDATE_PRODUCT = YES;
			};
			name = Release;
		};
		44A990D5202945BD00339728 /* Debug */ = {
			isa = XCBuildConfiguration;
			buildSettings = {
				ASSETCATALOG_COMPILER_APPICON_NAME = AppIcon;
				CODE_SIGN_STYLE = Automatic;
				DEVELOPMENT_TEAM = MH7SBDD83A;
				INFOPLIST_FILE = BusAlert/Info.plist;
				IPHONEOS_DEPLOYMENT_TARGET = 11.0;
				LD_RUNPATH_SEARCH_PATHS = "$(inherited) @executable_path/Frameworks";
				PRODUCT_BUNDLE_IDENTIFIER = com.JD.BusAlert;
				PRODUCT_NAME = "$(TARGET_NAME)";
				SWIFT_VERSION = 4.0;
				TARGETED_DEVICE_FAMILY = 1;
			};
			name = Debug;
		};
		44A990D6202945BD00339728 /* Release */ = {
			isa = XCBuildConfiguration;
			buildSettings = {
				ASSETCATALOG_COMPILER_APPICON_NAME = AppIcon;
				CODE_SIGN_STYLE = Automatic;
				DEVELOPMENT_TEAM = MH7SBDD83A;
				INFOPLIST_FILE = BusAlert/Info.plist;
				IPHONEOS_DEPLOYMENT_TARGET = 11.0;
				LD_RUNPATH_SEARCH_PATHS = "$(inherited) @executable_path/Frameworks";
				PRODUCT_BUNDLE_IDENTIFIER = com.JD.BusAlert;
				PRODUCT_NAME = "$(TARGET_NAME)";
				SWIFT_VERSION = 4.0;
				TARGETED_DEVICE_FAMILY = 1;
			};
			name = Release;
		};
/* End XCBuildConfiguration section */

/* Begin XCConfigurationList section */
		44A990BD202945BC00339728 /* Build configuration list for PBXProject "BusAlert" */ = {
			isa = XCConfigurationList;
			buildConfigurations = (
				44A990D2202945BD00339728 /* Debug */,
				44A990D3202945BD00339728 /* Release */,
			);
			defaultConfigurationIsVisible = 0;
			defaultConfigurationName = Release;
		};
		44A990D4202945BD00339728 /* Build configuration list for PBXNativeTarget "BusAlert" */ = {
			isa = XCConfigurationList;
			buildConfigurations = (
				44A990D5202945BD00339728 /* Debug */,
				44A990D6202945BD00339728 /* Release */,
			);
			defaultConfigurationIsVisible = 0;
			defaultConfigurationName = Release;
		};
/* End XCConfigurationList section */
	};
	rootObject = 44A990BA202945BC00339728 /* Project object */;
}
